// !$*UTF8*$!
{
	archiveVersion = 1;
	classes = {
	};
	objectVersion = 55;
	objects = {

/* Begin PBXBuildFile section */
		3DF7413E115B5A883AEC3AA5 /* Pods_Catgram.framework in Frameworks */ = {isa = PBXBuildFile; fileRef = 458A6AE6FFCCFC1ADDCD261C /* Pods_Catgram.framework */; };
		523F483C0C9CC6AE3FC97FA6 /* Pods_CatgramTests.framework in Frameworks */ = {isa = PBXBuildFile; fileRef = DDF877CF84DBBE3DC22F2E16 /* Pods_CatgramTests.framework */; };
		858CB4DC286A4971005805D1 /* AppDelegate.m in Sources */ = {isa = PBXBuildFile; fileRef = 858CB4DB286A4971005805D1 /* AppDelegate.m */; };
		858CB4DF286A4971005805D1 /* SceneDelegate.m in Sources */ = {isa = PBXBuildFile; fileRef = 858CB4DE286A4971005805D1 /* SceneDelegate.m */; };
		858CB4E2286A4971005805D1 /* ViewController.m in Sources */ = {isa = PBXBuildFile; fileRef = 858CB4E1286A4971005805D1 /* ViewController.m */; };
		858CB4E5286A4971005805D1 /* Main.storyboard in Resources */ = {isa = PBXBuildFile; fileRef = 858CB4E3286A4971005805D1 /* Main.storyboard */; };
		858CB4E7286A4972005805D1 /* Assets.xcassets in Resources */ = {isa = PBXBuildFile; fileRef = 858CB4E6286A4972005805D1 /* Assets.xcassets */; };
		858CB4EA286A4972005805D1 /* LaunchScreen.storyboard in Resources */ = {isa = PBXBuildFile; fileRef = 858CB4E8286A4972005805D1 /* LaunchScreen.storyboard */; };
		858CB4ED286A4972005805D1 /* main.m in Sources */ = {isa = PBXBuildFile; fileRef = 858CB4EC286A4972005805D1 /* main.m */; };
		858CB4F7286A4972005805D1 /* CatgramTests.m in Sources */ = {isa = PBXBuildFile; fileRef = 858CB4F6286A4972005805D1 /* CatgramTests.m */; };
		858CB501286A4972005805D1 /* CatgramUITests.m in Sources */ = {isa = PBXBuildFile; fileRef = 858CB500286A4972005805D1 /* CatgramUITests.m */; };
		858CB503286A4972005805D1 /* CatgramUITestsLaunchTests.m in Sources */ = {isa = PBXBuildFile; fileRef = 858CB502286A4972005805D1 /* CatgramUITestsLaunchTests.m */; };
		9FC8B1B634384E6F971A7455 /* Pods_Catgram_CatgramUITests.framework in Frameworks */ = {isa = PBXBuildFile; fileRef = BA1AB55C8BEBB1DA9963A3EE /* Pods_Catgram_CatgramUITests.framework */; };
/* End PBXBuildFile section */

/* Begin PBXContainerItemProxy section */
		858CB4F3286A4972005805D1 /* PBXContainerItemProxy */ = {
			isa = PBXContainerItemProxy;
			containerPortal = 858CB4CF286A4971005805D1 /* Project object */;
			proxyType = 1;
			remoteGlobalIDString = 858CB4D6286A4971005805D1;
			remoteInfo = Catgram;
		};
		858CB4FD286A4972005805D1 /* PBXContainerItemProxy */ = {
			isa = PBXContainerItemProxy;
			containerPortal = 858CB4CF286A4971005805D1 /* Project object */;
			proxyType = 1;
			remoteGlobalIDString = 858CB4D6286A4971005805D1;
			remoteInfo = Catgram;
		};
/* End PBXContainerItemProxy section */

/* Begin PBXFileReference section */
		0304EFF1F6BA3E2EBCC0048D /* Pods-CatgramTests.debug.xcconfig */ = {isa = PBXFileReference; includeInIndex = 1; lastKnownFileType = text.xcconfig; name = "Pods-CatgramTests.debug.xcconfig"; path = "Target Support Files/Pods-CatgramTests/Pods-CatgramTests.debug.xcconfig"; sourceTree = "<group>"; };
		048193B3457603BC0DFDE435 /* Pods-Catgram-CatgramUITests.debug.xcconfig */ = {isa = PBXFileReference; includeInIndex = 1; lastKnownFileType = text.xcconfig; name = "Pods-Catgram-CatgramUITests.debug.xcconfig"; path = "Target Support Files/Pods-Catgram-CatgramUITests/Pods-Catgram-CatgramUITests.debug.xcconfig"; sourceTree = "<group>"; };
		2BBF2B9482F801456A99315A /* Pods-Catgram.release.xcconfig */ = {isa = PBXFileReference; includeInIndex = 1; lastKnownFileType = text.xcconfig; name = "Pods-Catgram.release.xcconfig"; path = "Target Support Files/Pods-Catgram/Pods-Catgram.release.xcconfig"; sourceTree = "<group>"; };
		3565C5CD15FFF449F1F205D9 /* Pods-Catgram.debug.xcconfig */ = {isa = PBXFileReference; includeInIndex = 1; lastKnownFileType = text.xcconfig; name = "Pods-Catgram.debug.xcconfig"; path = "Target Support Files/Pods-Catgram/Pods-Catgram.debug.xcconfig"; sourceTree = "<group>"; };
		458A6AE6FFCCFC1ADDCD261C /* Pods_Catgram.framework */ = {isa = PBXFileReference; explicitFileType = wrapper.framework; includeInIndex = 0; path = Pods_Catgram.framework; sourceTree = BUILT_PRODUCTS_DIR; };
		67563B1E3EFAD762962ACBED /* Pods-CatgramTests.release.xcconfig */ = {isa = PBXFileReference; includeInIndex = 1; lastKnownFileType = text.xcconfig; name = "Pods-CatgramTests.release.xcconfig"; path = "Target Support Files/Pods-CatgramTests/Pods-CatgramTests.release.xcconfig"; sourceTree = "<group>"; };
		7DFD8D6A1B7FDF158BC0413C /* Pods-Catgram-CatgramUITests.release.xcconfig */ = {isa = PBXFileReference; includeInIndex = 1; lastKnownFileType = text.xcconfig; name = "Pods-Catgram-CatgramUITests.release.xcconfig"; path = "Target Support Files/Pods-Catgram-CatgramUITests/Pods-Catgram-CatgramUITests.release.xcconfig"; sourceTree = "<group>"; };
		858CB4D7286A4971005805D1 /* Catgram.app */ = {isa = PBXFileReference; explicitFileType = wrapper.application; includeInIndex = 0; path = Catgram.app; sourceTree = BUILT_PRODUCTS_DIR; };
		858CB4DA286A4971005805D1 /* AppDelegate.h */ = {isa = PBXFileReference; lastKnownFileType = sourcecode.c.h; path = AppDelegate.h; sourceTree = "<group>"; };
		858CB4DB286A4971005805D1 /* AppDelegate.m */ = {isa = PBXFileReference; lastKnownFileType = sourcecode.c.objc; path = AppDelegate.m; sourceTree = "<group>"; };
		858CB4DD286A4971005805D1 /* SceneDelegate.h */ = {isa = PBXFileReference; lastKnownFileType = sourcecode.c.h; path = SceneDelegate.h; sourceTree = "<group>"; };
		858CB4DE286A4971005805D1 /* SceneDelegate.m */ = {isa = PBXFileReference; lastKnownFileType = sourcecode.c.objc; path = SceneDelegate.m; sourceTree = "<group>"; };
		858CB4E0286A4971005805D1 /* ViewController.h */ = {isa = PBXFileReference; lastKnownFileType = sourcecode.c.h; path = ViewController.h; sourceTree = "<group>"; };
		858CB4E1286A4971005805D1 /* ViewController.m */ = {isa = PBXFileReference; lastKnownFileType = sourcecode.c.objc; path = ViewController.m; sourceTree = "<group>"; };
		858CB4E4286A4971005805D1 /* Base */ = {isa = PBXFileReference; lastKnownFileType = file.storyboard; name = Base; path = Base.lproj/Main.storyboard; sourceTree = "<group>"; };
		858CB4E6286A4972005805D1 /* Assets.xcassets */ = {isa = PBXFileReference; lastKnownFileType = folder.assetcatalog; path = Assets.xcassets; sourceTree = "<group>"; };
		858CB4E9286A4972005805D1 /* Base */ = {isa = PBXFileReference; lastKnownFileType = file.storyboard; name = Base; path = Base.lproj/LaunchScreen.storyboard; sourceTree = "<group>"; };
		858CB4EB286A4972005805D1 /* Info.plist */ = {isa = PBXFileReference; lastKnownFileType = text.plist.xml; path = Info.plist; sourceTree = "<group>"; };
		858CB4EC286A4972005805D1 /* main.m */ = {isa = PBXFileReference; lastKnownFileType = sourcecode.c.objc; path = main.m; sourceTree = "<group>"; };
		858CB4F2286A4972005805D1 /* CatgramTests.xctest */ = {isa = PBXFileReference; explicitFileType = wrapper.cfbundle; includeInIndex = 0; path = CatgramTests.xctest; sourceTree = BUILT_PRODUCTS_DIR; };
		858CB4F6286A4972005805D1 /* CatgramTests.m */ = {isa = PBXFileReference; lastKnownFileType = sourcecode.c.objc; path = CatgramTests.m; sourceTree = "<group>"; };
		858CB4FC286A4972005805D1 /* CatgramUITests.xctest */ = {isa = PBXFileReference; explicitFileType = wrapper.cfbundle; includeInIndex = 0; path = CatgramUITests.xctest; sourceTree = BUILT_PRODUCTS_DIR; };
		858CB500286A4972005805D1 /* CatgramUITests.m */ = {isa = PBXFileReference; lastKnownFileType = sourcecode.c.objc; path = CatgramUITests.m; sourceTree = "<group>"; };
		858CB502286A4972005805D1 /* CatgramUITestsLaunchTests.m */ = {isa = PBXFileReference; lastKnownFileType = sourcecode.c.objc; path = CatgramUITestsLaunchTests.m; sourceTree = "<group>"; };
		BA1AB55C8BEBB1DA9963A3EE /* Pods_Catgram_CatgramUITests.framework */ = {isa = PBXFileReference; explicitFileType = wrapper.framework; includeInIndex = 0; path = Pods_Catgram_CatgramUITests.framework; sourceTree = BUILT_PRODUCTS_DIR; };
		DDF877CF84DBBE3DC22F2E16 /* Pods_CatgramTests.framework */ = {isa = PBXFileReference; explicitFileType = wrapper.framework; includeInIndex = 0; path = Pods_CatgramTests.framework; sourceTree = BUILT_PRODUCTS_DIR; };
/* End PBXFileReference section */

/* Begin PBXFrameworksBuildPhase section */
		858CB4D4286A4971005805D1 /* Frameworks */ = {
			isa = PBXFrameworksBuildPhase;
			buildActionMask = 2147483647;
			files = (
				3DF7413E115B5A883AEC3AA5 /* Pods_Catgram.framework in Frameworks */,
			);
			runOnlyForDeploymentPostprocessing = 0;
		};
		858CB4EF286A4972005805D1 /* Frameworks */ = {
			isa = PBXFrameworksBuildPhase;
			buildActionMask = 2147483647;
			files = (
				523F483C0C9CC6AE3FC97FA6 /* Pods_CatgramTests.framework in Frameworks */,
			);
			runOnlyForDeploymentPostprocessing = 0;
		};
		858CB4F9286A4972005805D1 /* Frameworks */ = {
			isa = PBXFrameworksBuildPhase;
			buildActionMask = 2147483647;
			files = (
				9FC8B1B634384E6F971A7455 /* Pods_Catgram_CatgramUITests.framework in Frameworks */,
			);
			runOnlyForDeploymentPostprocessing = 0;
		};
/* End PBXFrameworksBuildPhase section */

/* Begin PBXGroup section */
		858CB4CE286A4971005805D1 = {
			isa = PBXGroup;
			children = (
				858CB4D9286A4971005805D1 /* Catgram */,
				858CB4F5286A4972005805D1 /* CatgramTests */,
				858CB4FF286A4972005805D1 /* CatgramUITests */,
				858CB4D8286A4971005805D1 /* Products */,
				B9EE613508D147726BC9915C /* Pods */,
				C6C9E68F5827BC2C8BE0A273 /* Frameworks */,
			);
			sourceTree = "<group>";
		};
		858CB4D8286A4971005805D1 /* Products */ = {
			isa = PBXGroup;
			children = (
				858CB4D7286A4971005805D1 /* Catgram.app */,
				858CB4F2286A4972005805D1 /* CatgramTests.xctest */,
				858CB4FC286A4972005805D1 /* CatgramUITests.xctest */,
			);
			name = Products;
			sourceTree = "<group>";
		};
		858CB4D9286A4971005805D1 /* Catgram */ = {
			isa = PBXGroup;
			children = (
				858CB4DA286A4971005805D1 /* AppDelegate.h */,
				858CB4DB286A4971005805D1 /* AppDelegate.m */,
				858CB4DD286A4971005805D1 /* SceneDelegate.h */,
				858CB4DE286A4971005805D1 /* SceneDelegate.m */,
				858CB4E0286A4971005805D1 /* ViewController.h */,
				858CB4E1286A4971005805D1 /* ViewController.m */,
				858CB4E3286A4971005805D1 /* Main.storyboard */,
				858CB4E6286A4972005805D1 /* Assets.xcassets */,
				858CB4E8286A4972005805D1 /* LaunchScreen.storyboard */,
				858CB4EB286A4972005805D1 /* Info.plist */,
				858CB4EC286A4972005805D1 /* main.m */,
			);
			path = Catgram;
			sourceTree = "<group>";
		};
		858CB4F5286A4972005805D1 /* CatgramTests */ = {
			isa = PBXGroup;
			children = (
				858CB4F6286A4972005805D1 /* CatgramTests.m */,
			);
			path = CatgramTests;
			sourceTree = "<group>";
		};
		858CB4FF286A4972005805D1 /* CatgramUITests */ = {
			isa = PBXGroup;
			children = (
				858CB500286A4972005805D1 /* CatgramUITests.m */,
				858CB502286A4972005805D1 /* CatgramUITestsLaunchTests.m */,
			);
			path = CatgramUITests;
			sourceTree = "<group>";
		};
		B9EE613508D147726BC9915C /* Pods */ = {
			isa = PBXGroup;
			children = (
				3565C5CD15FFF449F1F205D9 /* Pods-Catgram.debug.xcconfig */,
				2BBF2B9482F801456A99315A /* Pods-Catgram.release.xcconfig */,
				048193B3457603BC0DFDE435 /* Pods-Catgram-CatgramUITests.debug.xcconfig */,
				7DFD8D6A1B7FDF158BC0413C /* Pods-Catgram-CatgramUITests.release.xcconfig */,
				0304EFF1F6BA3E2EBCC0048D /* Pods-CatgramTests.debug.xcconfig */,
				67563B1E3EFAD762962ACBED /* Pods-CatgramTests.release.xcconfig */,
			);
			name = Pods;
			path = Pods;
			sourceTree = "<group>";
		};
		C6C9E68F5827BC2C8BE0A273 /* Frameworks */ = {
			isa = PBXGroup;
			children = (
				458A6AE6FFCCFC1ADDCD261C /* Pods_Catgram.framework */,
				BA1AB55C8BEBB1DA9963A3EE /* Pods_Catgram_CatgramUITests.framework */,
				DDF877CF84DBBE3DC22F2E16 /* Pods_CatgramTests.framework */,
			);
			name = Frameworks;
			sourceTree = "<group>";
		};
/* End PBXGroup section */

/* Begin PBXNativeTarget section */
		858CB4D6286A4971005805D1 /* Catgram */ = {
			isa = PBXNativeTarget;
			buildConfigurationList = 858CB506286A4972005805D1 /* Build configuration list for PBXNativeTarget "Catgram" */;
			buildPhases = (
				90EFE00AC11A3C5711D3D7B8 /* [CP] Check Pods Manifest.lock */,
				858CB4D3286A4971005805D1 /* Sources */,
				858CB4D4286A4971005805D1 /* Frameworks */,
				858CB4D5286A4971005805D1 /* Resources */,
				4E34EC27F52821A8FB9697C6 /* [CP] Embed Pods Frameworks */,
			);
			buildRules = (
			);
			dependencies = (
			);
			name = Catgram;
			productName = Catgram;
			productReference = 858CB4D7286A4971005805D1 /* Catgram.app */;
			productType = "com.apple.product-type.application";
		};
		858CB4F1286A4972005805D1 /* CatgramTests */ = {
			isa = PBXNativeTarget;
			buildConfigurationList = 858CB509286A4972005805D1 /* Build configuration list for PBXNativeTarget "CatgramTests" */;
			buildPhases = (
				A356FBDC3B26ED892F1509B5 /* [CP] Check Pods Manifest.lock */,
				858CB4EE286A4972005805D1 /* Sources */,
				858CB4EF286A4972005805D1 /* Frameworks */,
				858CB4F0286A4972005805D1 /* Resources */,
			);
			buildRules = (
			);
			dependencies = (
				858CB4F4286A4972005805D1 /* PBXTargetDependency */,
			);
			name = CatgramTests;
			productName = CatgramTests;
			productReference = 858CB4F2286A4972005805D1 /* CatgramTests.xctest */;
			productType = "com.apple.product-type.bundle.unit-test";
		};
		858CB4FB286A4972005805D1 /* CatgramUITests */ = {
			isa = PBXNativeTarget;
			buildConfigurationList = 858CB50C286A4972005805D1 /* Build configuration list for PBXNativeTarget "CatgramUITests" */;
			buildPhases = (
				E6A36913E6AA993E312989AE /* [CP] Check Pods Manifest.lock */,
				858CB4F8286A4972005805D1 /* Sources */,
				858CB4F9286A4972005805D1 /* Frameworks */,
				858CB4FA286A4972005805D1 /* Resources */,
				5D71889F8283248AAD7AD6D3 /* [CP] Embed Pods Frameworks */,
			);
			buildRules = (
			);
			dependencies = (
				858CB4FE286A4972005805D1 /* PBXTargetDependency */,
			);
			name = CatgramUITests;
			productName = CatgramUITests;
			productReference = 858CB4FC286A4972005805D1 /* CatgramUITests.xctest */;
			productType = "com.apple.product-type.bundle.ui-testing";
		};
/* End PBXNativeTarget section */

/* Begin PBXProject section */
		858CB4CF286A4971005805D1 /* Project object */ = {
			isa = PBXProject;
			attributes = {
				BuildIndependentTargetsInParallel = 1;
				LastUpgradeCheck = 1340;
				TargetAttributes = {
					858CB4D6286A4971005805D1 = {
						CreatedOnToolsVersion = 13.4;
					};
					858CB4F1286A4972005805D1 = {
						CreatedOnToolsVersion = 13.4;
						TestTargetID = 858CB4D6286A4971005805D1;
					};
					858CB4FB286A4972005805D1 = {
						CreatedOnToolsVersion = 13.4;
						TestTargetID = 858CB4D6286A4971005805D1;
					};
				};
			};
			buildConfigurationList = 858CB4D2286A4971005805D1 /* Build configuration list for PBXProject "Catgram" */;
			compatibilityVersion = "Xcode 13.0";
			developmentRegion = en;
			hasScannedForEncodings = 0;
			knownRegions = (
				en,
				Base,
			);
			mainGroup = 858CB4CE286A4971005805D1;
			productRefGroup = 858CB4D8286A4971005805D1 /* Products */;
			projectDirPath = "";
			projectRoot = "";
			targets = (
				858CB4D6286A4971005805D1 /* Catgram */,
				858CB4F1286A4972005805D1 /* CatgramTests */,
				858CB4FB286A4972005805D1 /* CatgramUITests */,
			);
		};
/* End PBXProject section */

/* Begin PBXResourcesBuildPhase section */
		858CB4D5286A4971005805D1 /* Resources */ = {
			isa = PBXResourcesBuildPhase;
			buildActionMask = 2147483647;
			files = (
				858CB4EA286A4972005805D1 /* LaunchScreen.storyboard in Resources */,
				858CB4E7286A4972005805D1 /* Assets.xcassets in Resources */,
				858CB4E5286A4971005805D1 /* Main.storyboard in Resources */,
			);
			runOnlyForDeploymentPostprocessing = 0;
		};
		858CB4F0286A4972005805D1 /* Resources */ = {
			isa = PBXResourcesBuildPhase;
			buildActionMask = 2147483647;
			files = (
			);
			runOnlyForDeploymentPostprocessing = 0;
		};
		858CB4FA286A4972005805D1 /* Resources */ = {
			isa = PBXResourcesBuildPhase;
			buildActionMask = 2147483647;
			files = (
			);
			runOnlyForDeploymentPostprocessing = 0;
		};
/* End PBXResourcesBuildPhase section */

/* Begin PBXShellScriptBuildPhase section */
		4E34EC27F52821A8FB9697C6 /* [CP] Embed Pods Frameworks */ = {
			isa = PBXShellScriptBuildPhase;
			buildActionMask = 2147483647;
			files = (
			);
			inputFileListPaths = (
				"${PODS_ROOT}/Target Support Files/Pods-Catgram/Pods-Catgram-frameworks-${CONFIGURATION}-input-files.xcfilelist",
			);
			name = "[CP] Embed Pods Frameworks";
			outputFileListPaths = (
				"${PODS_ROOT}/Target Support Files/Pods-Catgram/Pods-Catgram-frameworks-${CONFIGURATION}-output-files.xcfilelist",
			);
			runOnlyForDeploymentPostprocessing = 0;
			shellPath = /bin/sh;
			shellScript = "\"${PODS_ROOT}/Target Support Files/Pods-Catgram/Pods-Catgram-frameworks.sh\"\n";
			showEnvVarsInLog = 0;
		};
		5D71889F8283248AAD7AD6D3 /* [CP] Embed Pods Frameworks */ = {
			isa = PBXShellScriptBuildPhase;
			buildActionMask = 2147483647;
			files = (
			);
			inputFileListPaths = (
				"${PODS_ROOT}/Target Support Files/Pods-Catgram-CatgramUITests/Pods-Catgram-CatgramUITests-frameworks-${CONFIGURATION}-input-files.xcfilelist",
			);
			name = "[CP] Embed Pods Frameworks";
			outputFileListPaths = (
				"${PODS_ROOT}/Target Support Files/Pods-Catgram-CatgramUITests/Pods-Catgram-CatgramUITests-frameworks-${CONFIGURATION}-output-files.xcfilelist",
			);
			runOnlyForDeploymentPostprocessing = 0;
			shellPath = /bin/sh;
			shellScript = "\"${PODS_ROOT}/Target Support Files/Pods-Catgram-CatgramUITests/Pods-Catgram-CatgramUITests-frameworks.sh\"\n";
			showEnvVarsInLog = 0;
		};
		90EFE00AC11A3C5711D3D7B8 /* [CP] Check Pods Manifest.lock */ = {
			isa = PBXShellScriptBuildPhase;
			buildActionMask = 2147483647;
			files = (
			);
			inputFileListPaths = (
			);
			inputPaths = (
				"${PODS_PODFILE_DIR_PATH}/Podfile.lock",
				"${PODS_ROOT}/Manifest.lock",
			);
			name = "[CP] Check Pods Manifest.lock";
			outputFileListPaths = (
			);
			outputPaths = (
				"$(DERIVED_FILE_DIR)/Pods-Catgram-checkManifestLockResult.txt",
			);
			runOnlyForDeploymentPostprocessing = 0;
			shellPath = /bin/sh;
			shellScript = "diff \"${PODS_PODFILE_DIR_PATH}/Podfile.lock\" \"${PODS_ROOT}/Manifest.lock\" > /dev/null\nif [ $? != 0 ] ; then\n    # print error to STDERR\n    echo \"error: The sandbox is not in sync with the Podfile.lock. Run 'pod install' or update your CocoaPods installation.\" >&2\n    exit 1\nfi\n# This output is used by Xcode 'outputs' to avoid re-running this script phase.\necho \"SUCCESS\" > \"${SCRIPT_OUTPUT_FILE_0}\"\n";
			showEnvVarsInLog = 0;
		};
		A356FBDC3B26ED892F1509B5 /* [CP] Check Pods Manifest.lock */ = {
			isa = PBXShellScriptBuildPhase;
			buildActionMask = 2147483647;
			files = (
			);
			inputFileListPaths = (
			);
			inputPaths = (
				"${PODS_PODFILE_DIR_PATH}/Podfile.lock",
				"${PODS_ROOT}/Manifest.lock",
			);
			name = "[CP] Check Pods Manifest.lock";
			outputFileListPaths = (
			);
			outputPaths = (
				"$(DERIVED_FILE_DIR)/Pods-CatgramTests-checkManifestLockResult.txt",
			);
			runOnlyForDeploymentPostprocessing = 0;
			shellPath = /bin/sh;
			shellScript = "diff \"${PODS_PODFILE_DIR_PATH}/Podfile.lock\" \"${PODS_ROOT}/Manifest.lock\" > /dev/null\nif [ $? != 0 ] ; then\n    # print error to STDERR\n    echo \"error: The sandbox is not in sync with the Podfile.lock. Run 'pod install' or update your CocoaPods installation.\" >&2\n    exit 1\nfi\n# This output is used by Xcode 'outputs' to avoid re-running this script phase.\necho \"SUCCESS\" > \"${SCRIPT_OUTPUT_FILE_0}\"\n";
			showEnvVarsInLog = 0;
		};
		E6A36913E6AA993E312989AE /* [CP] Check Pods Manifest.lock */ = {
			isa = PBXShellScriptBuildPhase;
			buildActionMask = 2147483647;
			files = (
			);
			inputFileListPaths = (
			);
			inputPaths = (
				"${PODS_PODFILE_DIR_PATH}/Podfile.lock",
				"${PODS_ROOT}/Manifest.lock",
			);
			name = "[CP] Check Pods Manifest.lock";
			outputFileListPaths = (
			);
			outputPaths = (
				"$(DERIVED_FILE_DIR)/Pods-Catgram-CatgramUITests-checkManifestLockResult.txt",
			);
			runOnlyForDeploymentPostprocessing = 0;
			shellPath = /bin/sh;
			shellScript = "diff \"${PODS_PODFILE_DIR_PATH}/Podfile.lock\" \"${PODS_ROOT}/Manifest.lock\" > /dev/null\nif [ $? != 0 ] ; then\n    # print error to STDERR\n    echo \"error: The sandbox is not in sync with the Podfile.lock. Run 'pod install' or update your CocoaPods installation.\" >&2\n    exit 1\nfi\n# This output is used by Xcode 'outputs' to avoid re-running this script phase.\necho \"SUCCESS\" > \"${SCRIPT_OUTPUT_FILE_0}\"\n";
			showEnvVarsInLog = 0;
		};
/* End PBXShellScriptBuildPhase section */

/* Begin PBXSourcesBuildPhase section */
		858CB4D3286A4971005805D1 /* Sources */ = {
			isa = PBXSourcesBuildPhase;
			buildActionMask = 2147483647;
			files = (
				858CB4E2286A4971005805D1 /* ViewController.m in Sources */,
				858CB4DC286A4971005805D1 /* AppDelegate.m in Sources */,
				858CB4ED286A4972005805D1 /* main.m in Sources */,
				858CB4DF286A4971005805D1 /* SceneDelegate.m in Sources */,
			);
			runOnlyForDeploymentPostprocessing = 0;
		};
		858CB4EE286A4972005805D1 /* Sources */ = {
			isa = PBXSourcesBuildPhase;
			buildActionMask = 2147483647;
			files = (
				858CB4F7286A4972005805D1 /* CatgramTests.m in Sources */,
			);
			runOnlyForDeploymentPostprocessing = 0;
		};
		858CB4F8286A4972005805D1 /* Sources */ = {
			isa = PBXSourcesBuildPhase;
			buildActionMask = 2147483647;
			files = (
				858CB503286A4972005805D1 /* CatgramUITestsLaunchTests.m in Sources */,
				858CB501286A4972005805D1 /* CatgramUITests.m in Sources */,
			);
			runOnlyForDeploymentPostprocessing = 0;
		};
/* End PBXSourcesBuildPhase section */

/* Begin PBXTargetDependency section */
		858CB4F4286A4972005805D1 /* PBXTargetDependency */ = {
			isa = PBXTargetDependency;
			target = 858CB4D6286A4971005805D1 /* Catgram */;
			targetProxy = 858CB4F3286A4972005805D1 /* PBXContainerItemProxy */;
		};
		858CB4FE286A4972005805D1 /* PBXTargetDependency */ = {
			isa = PBXTargetDependency;
			target = 858CB4D6286A4971005805D1 /* Catgram */;
			targetProxy = 858CB4FD286A4972005805D1 /* PBXContainerItemProxy */;
		};
/* End PBXTargetDependency section */

/* Begin PBXVariantGroup section */
		858CB4E3286A4971005805D1 /* Main.storyboard */ = {
			isa = PBXVariantGroup;
			children = (
				858CB4E4286A4971005805D1 /* Base */,
			);
			name = Main.storyboard;
			sourceTree = "<group>";
		};
		858CB4E8286A4972005805D1 /* LaunchScreen.storyboard */ = {
			isa = PBXVariantGroup;
			children = (
				858CB4E9286A4972005805D1 /* Base */,
			);
			name = LaunchScreen.storyboard;
			sourceTree = "<group>";
		};
/* End PBXVariantGroup section */

/* Begin XCBuildConfiguration section */
		858CB504286A4972005805D1 /* Debug */ = {
			isa = XCBuildConfiguration;
			buildSettings = {
				ALWAYS_SEARCH_USER_PATHS = NO;
				CLANG_ANALYZER_NONNULL = YES;
				CLANG_ANALYZER_NUMBER_OBJECT_CONVERSION = YES_AGGRESSIVE;
				CLANG_CXX_LANGUAGE_STANDARD = "gnu++17";
				CLANG_ENABLE_MODULES = YES;
				CLANG_ENABLE_OBJC_ARC = YES;
				CLANG_ENABLE_OBJC_WEAK = YES;
				CLANG_WARN_BLOCK_CAPTURE_AUTORELEASING = YES;
				CLANG_WARN_BOOL_CONVERSION = YES;
				CLANG_WARN_COMMA = YES;
				CLANG_WARN_CONSTANT_CONVERSION = YES;
				CLANG_WARN_DEPRECATED_OBJC_IMPLEMENTATIONS = YES;
				CLANG_WARN_DIRECT_OBJC_ISA_USAGE = YES_ERROR;
				CLANG_WARN_DOCUMENTATION_COMMENTS = YES;
				CLANG_WARN_EMPTY_BODY = YES;
				CLANG_WARN_ENUM_CONVERSION = YES;
				CLANG_WARN_INFINITE_RECURSION = YES;
				CLANG_WARN_INT_CONVERSION = YES;
				CLANG_WARN_NON_LITERAL_NULL_CONVERSION = YES;
				CLANG_WARN_OBJC_IMPLICIT_RETAIN_SELF = YES;
				CLANG_WARN_OBJC_LITERAL_CONVERSION = YES;
				CLANG_WARN_OBJC_ROOT_CLASS = YES_ERROR;
				CLANG_WARN_QUOTED_INCLUDE_IN_FRAMEWORK_HEADER = YES;
				CLANG_WARN_RANGE_LOOP_ANALYSIS = YES;
				CLANG_WARN_STRICT_PROTOTYPES = YES;
				CLANG_WARN_SUSPICIOUS_MOVE = YES;
				CLANG_WARN_UNGUARDED_AVAILABILITY = YES_AGGRESSIVE;
				CLANG_WARN_UNREACHABLE_CODE = YES;
				CLANG_WARN__DUPLICATE_METHOD_MATCH = YES;
				COPY_PHASE_STRIP = NO;
				DEBUG_INFORMATION_FORMAT = dwarf;
				ENABLE_STRICT_OBJC_MSGSEND = YES;
				ENABLE_TESTABILITY = YES;
				GCC_C_LANGUAGE_STANDARD = gnu11;
				GCC_DYNAMIC_NO_PIC = NO;
				GCC_NO_COMMON_BLOCKS = YES;
				GCC_OPTIMIZATION_LEVEL = 0;
				GCC_PREPROCESSOR_DEFINITIONS = (
					"DEBUG=1",
					"$(inherited)",
				);
				GCC_WARN_64_TO_32_BIT_CONVERSION = YES;
				GCC_WARN_ABOUT_RETURN_TYPE = YES_ERROR;
				GCC_WARN_UNDECLARED_SELECTOR = YES;
				GCC_WARN_UNINITIALIZED_AUTOS = YES_AGGRESSIVE;
				GCC_WARN_UNUSED_FUNCTION = YES;
				GCC_WARN_UNUSED_VARIABLE = YES;
				IPHONEOS_DEPLOYMENT_TARGET = 15.5;
				MTL_ENABLE_DEBUG_INFO = INCLUDE_SOURCE;
				MTL_FAST_MATH = YES;
				ONLY_ACTIVE_ARCH = YES;
				SDKROOT = iphoneos;
			};
			name = Debug;
		};
		858CB505286A4972005805D1 /* Release */ = {
			isa = XCBuildConfiguration;
			buildSettings = {
				ALWAYS_SEARCH_USER_PATHS = NO;
				CLANG_ANALYZER_NONNULL = YES;
				CLANG_ANALYZER_NUMBER_OBJECT_CONVERSION = YES_AGGRESSIVE;
				CLANG_CXX_LANGUAGE_STANDARD = "gnu++17";
				CLANG_ENABLE_MODULES = YES;
				CLANG_ENABLE_OBJC_ARC = YES;
				CLANG_ENABLE_OBJC_WEAK = YES;
				CLANG_WARN_BLOCK_CAPTURE_AUTORELEASING = YES;
				CLANG_WARN_BOOL_CONVERSION = YES;
				CLANG_WARN_COMMA = YES;
				CLANG_WARN_CONSTANT_CONVERSION = YES;
				CLANG_WARN_DEPRECATED_OBJC_IMPLEMENTATIONS = YES;
				CLANG_WARN_DIRECT_OBJC_ISA_USAGE = YES_ERROR;
				CLANG_WARN_DOCUMENTATION_COMMENTS = YES;
				CLANG_WARN_EMPTY_BODY = YES;
				CLANG_WARN_ENUM_CONVERSION = YES;
				CLANG_WARN_INFINITE_RECURSION = YES;
				CLANG_WARN_INT_CONVERSION = YES;
				CLANG_WARN_NON_LITERAL_NULL_CONVERSION = YES;
				CLANG_WARN_OBJC_IMPLICIT_RETAIN_SELF = YES;
				CLANG_WARN_OBJC_LITERAL_CONVERSION = YES;
				CLANG_WARN_OBJC_ROOT_CLASS = YES_ERROR;
				CLANG_WARN_QUOTED_INCLUDE_IN_FRAMEWORK_HEADER = YES;
				CLANG_WARN_RANGE_LOOP_ANALYSIS = YES;
				CLANG_WARN_STRICT_PROTOTYPES = YES;
				CLANG_WARN_SUSPICIOUS_MOVE = YES;
				CLANG_WARN_UNGUARDED_AVAILABILITY = YES_AGGRESSIVE;
				CLANG_WARN_UNREACHABLE_CODE = YES;
				CLANG_WARN__DUPLICATE_METHOD_MATCH = YES;
				COPY_PHASE_STRIP = NO;
				DEBUG_INFORMATION_FORMAT = "dwarf-with-dsym";
				ENABLE_NS_ASSERTIONS = NO;
				ENABLE_STRICT_OBJC_MSGSEND = YES;
				GCC_C_LANGUAGE_STANDARD = gnu11;
				GCC_NO_COMMON_BLOCKS = YES;
				GCC_WARN_64_TO_32_BIT_CONVERSION = YES;
				GCC_WARN_ABOUT_RETURN_TYPE = YES_ERROR;
				GCC_WARN_UNDECLARED_SELECTOR = YES;
				GCC_WARN_UNINITIALIZED_AUTOS = YES_AGGRESSIVE;
				GCC_WARN_UNUSED_FUNCTION = YES;
				GCC_WARN_UNUSED_VARIABLE = YES;
				IPHONEOS_DEPLOYMENT_TARGET = 15.5;
				MTL_ENABLE_DEBUG_INFO = NO;
				MTL_FAST_MATH = YES;
				SDKROOT = iphoneos;
				VALIDATE_PRODUCT = YES;
			};
			name = Release;
		};
		858CB507286A4972005805D1 /* Debug */ = {
			isa = XCBuildConfiguration;
			baseConfigurationReference = 3565C5CD15FFF449F1F205D9 /* Pods-Catgram.debug.xcconfig */;
			buildSettings = {
				ASSETCATALOG_COMPILER_APPICON_NAME = AppIcon;
				ASSETCATALOG_COMPILER_GLOBAL_ACCENT_COLOR_NAME = AccentColor;
				CODE_SIGN_STYLE = Automatic;
				CURRENT_PROJECT_VERSION = 1;
				GENERATE_INFOPLIST_FILE = YES;
				INFOPLIST_FILE = Catgram/Info.plist;
				INFOPLIST_KEY_UIApplicationSupportsIndirectInputEvents = YES;
				INFOPLIST_KEY_UILaunchStoryboardName = LaunchScreen;
				INFOPLIST_KEY_UIMainStoryboardFile = Main;
				INFOPLIST_KEY_UISupportedInterfaceOrientations_iPad = "UIInterfaceOrientationPortrait UIInterfaceOrientationPortraitUpsideDown UIInterfaceOrientationLandscapeLeft UIInterfaceOrientationLandscapeRight";
				INFOPLIST_KEY_UISupportedInterfaceOrientations_iPhone = "UIInterfaceOrientationPortrait UIInterfaceOrientationLandscapeLeft UIInterfaceOrientationLandscapeRight";
				LD_RUNPATH_SEARCH_PATHS = (
					"$(inherited)",
					"@executable_path/Frameworks",
				);
				MARKETING_VERSION = 1.0;
				PRODUCT_BUNDLE_IDENTIFIER = com.shirleyzhu.Catgram;
				PRODUCT_NAME = "$(TARGET_NAME)";
				SWIFT_EMIT_LOC_STRINGS = YES;
				TARGETED_DEVICE_FAMILY = "1,2";
			};
			name = Debug;
		};
		858CB508286A4972005805D1 /* Release */ = {
			isa = XCBuildConfiguration;
			baseConfigurationReference = 2BBF2B9482F801456A99315A /* Pods-Catgram.release.xcconfig */;
			buildSettings = {
				ASSETCATALOG_COMPILER_APPICON_NAME = AppIcon;
				ASSETCATALOG_COMPILER_GLOBAL_ACCENT_COLOR_NAME = AccentColor;
				CODE_SIGN_STYLE = Automatic;
				CURRENT_PROJECT_VERSION = 1;
				GENERATE_INFOPLIST_FILE = YES;
				INFOPLIST_FILE = Catgram/Info.plist;
				INFOPLIST_KEY_UIApplicationSupportsIndirectInputEvents = YES;
				INFOPLIST_KEY_UILaunchStoryboardName = LaunchScreen;
				INFOPLIST_KEY_UIMainStoryboardFile = Main;
				INFOPLIST_KEY_UISupportedInterfaceOrientations_iPad = "UIInterfaceOrientationPortrait UIInterfaceOrientationPortraitUpsideDown UIInterfaceOrientationLandscapeLeft UIInterfaceOrientationLandscapeRight";
				INFOPLIST_KEY_UISupportedInterfaceOrientations_iPhone = "UIInterfaceOrientationPortrait UIInterfaceOrientationLandscapeLeft UIInterfaceOrientationLandscapeRight";
				LD_RUNPATH_SEARCH_PATHS = (
					"$(inherited)",
					"@executable_path/Frameworks",
				);
				MARKETING_VERSION = 1.0;
				PRODUCT_BUNDLE_IDENTIFIER = com.shirleyzhu.Catgram;
				PRODUCT_NAME = "$(TARGET_NAME)";
				SWIFT_EMIT_LOC_STRINGS = YES;
				TARGETED_DEVICE_FAMILY = "1,2";
			};
			name = Release;
		};
		858CB50A286A4972005805D1 /* Debug */ = {
			isa = XCBuildConfiguration;
			baseConfigurationReference = 0304EFF1F6BA3E2EBCC0048D /* Pods-CatgramTests.debug.xcconfig */;
			buildSettings = {
				BUNDLE_LOADER = "$(TEST_HOST)";
				CODE_SIGN_STYLE = Automatic;
				CURRENT_PROJECT_VERSION = 1;
				GENERATE_INFOPLIST_FILE = YES;
				IPHONEOS_DEPLOYMENT_TARGET = 15.5;
				MARKETING_VERSION = 1.0;
				PRODUCT_BUNDLE_IDENTIFIER = com.shirleyzhu.CatgramTests;
				PRODUCT_NAME = "$(TARGET_NAME)";
				SWIFT_EMIT_LOC_STRINGS = NO;
				TARGETED_DEVICE_FAMILY = "1,2";
				TEST_HOST = "$(BUILT_PRODUCTS_DIR)/Catgram.app/Catgram";
			};
			name = Debug;
		};
		858CB50B286A4972005805D1 /* Release */ = {
			isa = XCBuildConfiguration;
			baseConfigurationReference = 67563B1E3EFAD762962ACBED /* Pods-CatgramTests.release.xcconfig */;
			buildSettings = {
				BUNDLE_LOADER = "$(TEST_HOST)";
				CODE_SIGN_STYLE = Automatic;
				CURRENT_PROJECT_VERSION = 1;
				GENERATE_INFOPLIST_FILE = YES;
				IPHONEOS_DEPLOYMENT_TARGET = 15.5;
				MARKETING_VERSION = 1.0;
				PRODUCT_BUNDLE_IDENTIFIER = com.shirleyzhu.CatgramTests;
				PRODUCT_NAME = "$(TARGET_NAME)";
				SWIFT_EMIT_LOC_STRINGS = NO;
				TARGETED_DEVICE_FAMILY = "1,2";
				TEST_HOST = "$(BUILT_PRODUCTS_DIR)/Catgram.app/Catgram";
			};
			name = Release;
		};
		858CB50D286A4972005805D1 /* Debug */ = {
			isa = XCBuildConfiguration;
			baseConfigurationReference = 048193B3457603BC0DFDE435 /* Pods-Catgram-CatgramUITests.debug.xcconfig */;
			buildSettings = {
				CODE_SIGN_STYLE = Automatic;
				CURRENT_PROJECT_VERSION = 1;
				GENERATE_INFOPLIST_FILE = YES;
				MARKETING_VERSION = 1.0;
				PRODUCT_BUNDLE_IDENTIFIER = com.shirleyzhu.CatgramUITests;
				PRODUCT_NAME = "$(TARGET_NAME)";
				SWIFT_EMIT_LOC_STRINGS = NO;
				TARGETED_DEVICE_FAMILY = "1,2";
				TEST_TARGET_NAME = Catgram;
			};
			name = Debug;
		};
		858CB50E286A4972005805D1 /* Release */ = {
			isa = XCBuildConfiguration;
			baseConfigurationReference = 7DFD8D6A1B7FDF158BC0413C /* Pods-Catgram-CatgramUITests.release.xcconfig */;
			buildSettings = {
				CODE_SIGN_STYLE = Automatic;
				CURRENT_PROJECT_VERSION = 1;
				GENERATE_INFOPLIST_FILE = YES;
				MARKETING_VERSION = 1.0;
				PRODUCT_BUNDLE_IDENTIFIER = com.shirleyzhu.CatgramUITests;
				PRODUCT_NAME = "$(TARGET_NAME)";
				SWIFT_EMIT_LOC_STRINGS = NO;
				TARGETED_DEVICE_FAMILY = "1,2";
				TEST_TARGET_NAME = Catgram;
			};
			name = Release;
		};
/* End XCBuildConfiguration section */

/* Begin XCConfigurationList section */
		858CB4D2286A4971005805D1 /* Build configuration list for PBXProject "Catgram" */ = {
			isa = XCConfigurationList;
			buildConfigurations = (
				858CB504286A4972005805D1 /* Debug */,
				858CB505286A4972005805D1 /* Release */,
			);
			defaultConfigurationIsVisible = 0;
			defaultConfigurationName = Release;
		};
		858CB506286A4972005805D1 /* Build configuration list for PBXNativeTarget "Catgram" */ = {
			isa = XCConfigurationList;
			buildConfigurations = (
				858CB507286A4972005805D1 /* Debug */,
				858CB508286A4972005805D1 /* Release */,
			);
			defaultConfigurationIsVisible = 0;
			defaultConfigurationName = Release;
		};
		858CB509286A4972005805D1 /* Build configuration list for PBXNativeTarget "CatgramTests" */ = {
			isa = XCConfigurationList;
			buildConfigurations = (
				858CB50A286A4972005805D1 /* Debug */,
				858CB50B286A4972005805D1 /* Release */,
			);
			defaultConfigurationIsVisible = 0;
			defaultConfigurationName = Release;
		};
		858CB50C286A4972005805D1 /* Build configuration list for PBXNativeTarget "CatgramUITests" */ = {
			isa = XCConfigurationList;
			buildConfigurations = (
				858CB50D286A4972005805D1 /* Debug */,
				858CB50E286A4972005805D1 /* Release */,
			);
			defaultConfigurationIsVisible = 0;
			defaultConfigurationName = Release;
		};
/* End XCConfigurationList section */
	};
	rootObject = 858CB4CF286A4971005805D1 /* Project object */;
}
